<?xml version="1.0" encoding="UTF-8"?>
<Scheme
   version = "1.3">
   <BuildAction>
      <BuildActionEntries>
         <BuildActionEntry
            buildForRunning = "YES">
            <BuildableReference
               BuildableIdentifier = "primary"
               BlueprintIdentifier = "DBF3B43E201AFF4A002A2E7F"
               BuildableName = "DesignPatternsSwift"
               BlueprintName = "DesignPatternsSwift"
               ReferencedContainer = "container:DesignPatternsSwift.xcodeproj">
            </BuildableReference>
         </BuildActionEntry>
      </BuildActionEntries>
   </BuildAction>
   <LaunchAction
      useCustomWorkingDirectory = "NO"
      buildConfiguration = "Debug">
      <BuildableProductRunnable>
         <BuildableReference
            BuildableIdentifier = "primary"
            BlueprintIdentifier = "DBF3B43E201AFF4A002A2E7F"
            BuildableName = "DesignPatternsSwift"
            BlueprintName = "DesignPatternsSwift"
            ReferencedContainer = "container:DesignPatternsSwift.xcodeproj">
         </BuildableReference>
      </BuildableProductRunnable>
   </LaunchAction>
</Scheme>
