// !$*UTF8*$!
{
	archiveVersion = 1;
	classes = {
	};
	objectVersion = 46;
	objects = {

/* Begin PBXBuildFile section */
		84738E3E1EA936C700C1B6CB /* main.cpp in Sources */ = {isa = PBXBuildFile; fileRef = 84738E321EA936C700C1B6CB /* main.cpp */; };
		84738E3F1EA936C700C1B6CB /* OpAdd.cpp in Sources */ = {isa = PBXBuildFile; fileRef = 84738E331EA936C700C1B6CB /* OpAdd.cpp */; };
		84738E401EA936C700C1B6CB /* OpFactory.cpp in Sources */ = {isa = PBXBuildFile; fileRef = 84738E361EA936C700C1B6CB /* OpFactory.cpp */; };
		84738E411EA936C700C1B6CB /* OpMultiply.cpp in Sources */ = {isa = PBXBuildFile; fileRef = 84738E381EA936C700C1B6CB /* OpMultiply.cpp */; };
/* End PBXBuildFile section */

/* Begin PBXCopyFilesBuildPhase section */
		84B47FE01EA9235900FA3A01 /* CopyFiles */ = {
			isa = PBXCopyFilesBuildPhase;
			buildActionMask = 2147483647;
			dstPath = /usr/share/man/man1/;
			dstSubfolderSpec = 0;
			files = (
			);
			runOnlyForDeploymentPostprocessing = 1;
		};
/* End PBXCopyFilesBuildPhase section */

/* Begin PBXFileReference section */
		84738E321EA936C700C1B6CB /* main.cpp */ = {isa = PBXFileReference; fileEncoding = 4; lastKnownFileType = sourcecode.cpp.cpp; name = main.cpp; path = ../../FactoryVariadic/main.cpp; sourceTree = "<group>"; };
		84738E331EA936C700C1B6CB /* OpAdd.cpp */ = {isa = PBXFileReference; fileEncoding = 4; lastKnownFileType = sourcecode.cpp.cpp; name = OpAdd.cpp; path = ../../FactoryVariadic/OpAdd.cpp; sourceTree = "<group>"; };
		84738E341EA936C700C1B6CB /* OpAdd.h */ = {isa = PBXFileReference; fileEncoding = 4; lastKnownFileType = sourcecode.c.h; name = OpAdd.h; path = ../../FactoryVariadic/OpAdd.h; sourceTree = "<group>"; };
		84738E351EA936C700C1B6CB /* OperatorBase.h */ = {isa = PBXFileReference; fileEncoding = 4; lastKnownFileType = sourcecode.c.h; name = OperatorBase.h; path = ../../FactoryVariadic/OperatorBase.h; sourceTree = "<group>"; };
		84738E361EA936C700C1B6CB /* OpFactory.cpp */ = {isa = PBXFileReference; fileEncoding = 4; lastKnownFileType = sourcecode.cpp.cpp; name = OpFactory.cpp; path = ../../FactoryVariadic/OpFactory.cpp; sourceTree = "<group>"; };
		84738E371EA936C700C1B6CB /* OpFactory.h */ = {isa = PBXFileReference; fileEncoding = 4; lastKnownFileType = sourcecode.c.h; name = OpFactory.h; path = ../../FactoryVariadic/OpFactory.h; sourceTree = "<group>"; };
		84738E381EA936C700C1B6CB /* OpMultiply.cpp */ = {isa = PBXFileReference; fileEncoding = 4; lastKnownFileType = sourcecode.cpp.cpp; name = OpMultiply.cpp; path = ../../FactoryVariadic/OpMultiply.cpp; sourceTree = "<group>"; };
		84738E391EA936C700C1B6CB /* OpMultiply.h */ = {isa = PBXFileReference; fileEncoding = 4; lastKnownFileType = sourcecode.c.h; name = OpMultiply.h; path = ../../FactoryVariadic/OpMultiply.h; sourceTree = "<group>"; };
		84738E3A1EA936C700C1B6CB /* ShapeBase.h */ = {isa = PBXFileReference; fileEncoding = 4; lastKnownFileType = sourcecode.c.h; name = ShapeBase.h; path = ../../FactoryVariadic/ShapeBase.h; sourceTree = "<group>"; };
		84738E3B1EA936C700C1B6CB /* ShapeFactory.h */ = {isa = PBXFileReference; fileEncoding = 4; lastKnownFileType = sourcecode.c.h; name = ShapeFactory.h; path = ../../FactoryVariadic/ShapeFactory.h; sourceTree = "<group>"; };
		84738E3C1EA936C700C1B6CB /* ShapeRect.h */ = {isa = PBXFileReference; fileEncoding = 4; lastKnownFileType = sourcecode.c.h; name = ShapeRect.h; path = ../../FactoryVariadic/ShapeRect.h; sourceTree = "<group>"; };
		84738E3D1EA936C700C1B6CB /* ShapeTri.h */ = {isa = PBXFileReference; fileEncoding = 4; lastKnownFileType = sourcecode.c.h; name = ShapeTri.h; path = ../../FactoryVariadic/ShapeTri.h; sourceTree = "<group>"; };
		84B47FE21EA9235900FA3A01 /* FactoryVariadic */ = {isa = PBXFileReference; explicitFileType = "compiled.mach-o.executable"; includeInIndex = 0; path = FactoryVariadic; sourceTree = BUILT_PRODUCTS_DIR; };
/* End PBXFileReference section */

/* Begin PBXFrameworksBuildPhase section */
		84B47FDF1EA9235900FA3A01 /* Frameworks */ = {
			isa = PBXFrameworksBuildPhase;
			buildActionMask = 2147483647;
			files = (
			);
			runOnlyForDeploymentPostprocessing = 0;
		};
/* End PBXFrameworksBuildPhase section */

/* Begin PBXGroup section */
		84B47FD91EA9235900FA3A01 = {
			isa = PBXGroup;
			children = (
				84B47FE31EA9235900FA3A01 /* Products */,
				84B47FEC1EA9237F00FA3A01 /* FactoryVariadic */,
			);
			sourceTree = "<group>";
		};
		84B47FE31EA9235900FA3A01 /* Products */ = {
			isa = PBXGroup;
			children = (
				84B47FE21EA9235900FA3A01 /* FactoryVariadic */,
			);
			name = Products;
			sourceTree = "<group>";
		};
		84B47FEC1EA9237F00FA3A01 /* FactoryVariadic */ = {
			isa = PBXGroup;
			children = (
				84738E321EA936C700C1B6CB /* main.cpp */,
				84738E331EA936C700C1B6CB /* OpAdd.cpp */,
				84738E341EA936C700C1B6CB /* OpAdd.h */,
				84738E351EA936C700C1B6CB /* OperatorBase.h */,
				84738E361EA936C700C1B6CB /* OpFactory.cpp */,
				84738E371EA936C700C1B6CB /* OpFactory.h */,
				84738E381EA936C700C1B6CB /* OpMultiply.cpp */,
				84738E391EA936C700C1B6CB /* OpMultiply.h */,
				84738E3A1EA936C700C1B6CB /* ShapeBase.h */,
				84738E3B1EA936C700C1B6CB /* ShapeFactory.h */,
				84738E3C1EA936C700C1B6CB /* ShapeRect.h */,
				84738E3D1EA936C700C1B6CB /* ShapeTri.h */,
			);
			name = FactoryVariadic;
			path = ../../Katas/FactoryVariadic;
			sourceTree = "<group>";
		};
/* End PBXGroup section */

/* Begin PBXNativeTarget section */
		84B47FE11EA9235900FA3A01 /* FactoryVariadic */ = {
			isa = PBXNativeTarget;
			buildConfigurationList = 84B47FE91EA9235900FA3A01 /* Build configuration list for PBXNativeTarget "FactoryVariadic" */;
			buildPhases = (
				84B47FDE1EA9235900FA3A01 /* Sources */,
				84B47FDF1EA9235900FA3A01 /* Frameworks */,
				84B47FE01EA9235900FA3A01 /* CopyFiles */,
			);
			buildRules = (
			);
			dependencies = (
			);
			name = FactoryVariadic;
			productName = FactoryVariadic;
			productReference = 84B47FE21EA9235900FA3A01 /* FactoryVariadic */;
			productType = "com.apple.product-type.tool";
		};
/* End PBXNativeTarget section */

/* Begin PBXProject section */
		84B47FDA1EA9235900FA3A01 /* Project object */ = {
			isa = PBXProject;
			attributes = {
				LastUpgradeCheck = 0830;
				ORGANIZATIONNAME = MatobaHiroshi;
				TargetAttributes = {
					84B47FE11EA9235900FA3A01 = {
						CreatedOnToolsVersion = 8.3.1;
						ProvisioningStyle = Automatic;
					};
				};
			};
			buildConfigurationList = 84B47FDD1EA9235900FA3A01 /* Build configuration list for PBXProject "FactoryVariadic" */;
			compatibilityVersion = "Xcode 3.2";
			developmentRegion = English;
			hasScannedForEncodings = 0;
			knownRegions = (
				en,
			);
			mainGroup = 84B47FD91EA9235900FA3A01;
			productRefGroup = 84B47FE31EA9235900FA3A01 /* Products */;
			projectDirPath = "";
			projectRoot = "";
			targets = (
				84B47FE11EA9235900FA3A01 /* FactoryVariadic */,
			);
		};
/* End PBXProject section */

/* Begin PBXSourcesBuildPhase section */
		84B47FDE1EA9235900FA3A01 /* Sources */ = {
			isa = PBXSourcesBuildPhase;
			buildActionMask = 2147483647;
			files = (
				84738E3F1EA936C700C1B6CB /* OpAdd.cpp in Sources */,
				84738E3E1EA936C700C1B6CB /* main.cpp in Sources */,
				84738E411EA936C700C1B6CB /* OpMultiply.cpp in Sources */,
				84738E401EA936C700C1B6CB /* OpFactory.cpp in Sources */,
			);
			runOnlyForDeploymentPostprocessing = 0;
		};
/* End PBXSourcesBuildPhase section */

/* Begin XCBuildConfiguration section */
		84B47FE71EA9235900FA3A01 /* Debug */ = {
			isa = XCBuildConfiguration;
			buildSettings = {
				ALWAYS_SEARCH_USER_PATHS = NO;
				CLANG_ANALYZER_NONNULL = YES;
				CLANG_ANALYZER_NUMBER_OBJECT_CONVERSION = YES_AGGRESSIVE;
				CLANG_CXX_LANGUAGE_STANDARD = "gnu++0x";
				CLANG_CXX_LIBRARY = "libc++";
				CLANG_ENABLE_MODULES = YES;
				CLANG_ENABLE_OBJC_ARC = YES;
				CLANG_WARN_BOOL_CONVERSION = YES;
				CLANG_WARN_CONSTANT_CONVERSION = YES;
				CLANG_WARN_DIRECT_OBJC_ISA_USAGE = YES_ERROR;
				CLANG_WARN_DOCUMENTATION_COMMENTS = YES;
				CLANG_WARN_EMPTY_BODY = YES;
				CLANG_WARN_ENUM_CONVERSION = YES;
				CLANG_WARN_INFINITE_RECURSION = YES;
				CLANG_WARN_INT_CONVERSION = YES;
				CLANG_WARN_OBJC_ROOT_CLASS = YES_ERROR;
				CLANG_WARN_SUSPICIOUS_MOVE = YES;
				CLANG_WARN_UNREACHABLE_CODE = YES;
				CLANG_WARN__DUPLICATE_METHOD_MATCH = YES;
				CODE_SIGN_IDENTITY = "-";
				COPY_PHASE_STRIP = NO;
				DEBUG_INFORMATION_FORMAT = dwarf;
				ENABLE_STRICT_OBJC_MSGSEND = YES;
				ENABLE_TESTABILITY = YES;
				GCC_C_LANGUAGE_STANDARD = gnu99;
				GCC_DYNAMIC_NO_PIC = NO;
				GCC_NO_COMMON_BLOCKS = YES;
				GCC_OPTIMIZATION_LEVEL = 0;
				GCC_PREPROCESSOR_DEFINITIONS = (
					"DEBUG=1",
					"$(inherited)",
				);
				GCC_WARN_64_TO_32_BIT_CONVERSION = YES;
				GCC_WARN_ABOUT_RETURN_TYPE = YES_ERROR;
				GCC_WARN_UNDECLARED_SELECTOR = YES;
				GCC_WARN_UNINITIALIZED_AUTOS = YES_AGGRESSIVE;
				GCC_WARN_UNUSED_FUNCTION = YES;
				GCC_WARN_UNUSED_VARIABLE = YES;
				MACOSX_DEPLOYMENT_TARGET = 10.12;
				MTL_ENABLE_DEBUG_INFO = YES;
				ONLY_ACTIVE_ARCH = YES;
				SDKROOT = macosx;
			};
			name = Debug;
		};
		84B47FE81EA9235900FA3A01 /* Release */ = {
			isa = XCBuildConfiguration;
			buildSettings = {
				ALWAYS_SEARCH_USER_PATHS = NO;
				CLANG_ANALYZER_NONNULL = YES;
				CLANG_ANALYZER_NUMBER_OBJECT_CONVERSION = YES_AGGRESSIVE;
				CLANG_CXX_LANGUAGE_STANDARD = "gnu++0x";
				CLANG_CXX_LIBRARY = "libc++";
				CLANG_ENABLE_MODULES = YES;
				CLANG_ENABLE_OBJC_ARC = YES;
				CLANG_WARN_BOOL_CONVERSION = YES;
				CLANG_WARN_CONSTANT_CONVERSION = YES;
				CLANG_WARN_DIRECT_OBJC_ISA_USAGE = YES_ERROR;
				CLANG_WARN_DOCUMENTATION_COMMENTS = YES;
				CLANG_WARN_EMPTY_BODY = YES;
				CLANG_WARN_ENUM_CONVERSION = YES;
				CLANG_WARN_INFINITE_RECURSION = YES;
				CLANG_WARN_INT_CONVERSION = YES;
				CLANG_WARN_OBJC_ROOT_CLASS = YES_ERROR;
				CLANG_WARN_SUSPICIOUS_MOVE = YES;
				CLANG_WARN_UNREACHABLE_CODE = YES;
				CLANG_WARN__DUPLICATE_METHOD_MATCH = YES;
				CODE_SIGN_IDENTITY = "-";
				COPY_PHASE_STRIP = NO;
				DEBUG_INFORMATION_FORMAT = "dwarf-with-dsym";
				ENABLE_NS_ASSERTIONS = NO;
				ENABLE_STRICT_OBJC_MSGSEND = YES;
				GCC_C_LANGUAGE_STANDARD = gnu99;
				GCC_NO_COMMON_BLOCKS = YES;
				GCC_WARN_64_TO_32_BIT_CONVERSION = YES;
				GCC_WARN_ABOUT_RETURN_TYPE = YES_ERROR;
				GCC_WARN_UNDECLARED_SELECTOR = YES;
				GCC_WARN_UNINITIALIZED_AUTOS = YES_AGGRESSIVE;
				GCC_WARN_UNUSED_FUNCTION = YES;
				GCC_WARN_UNUSED_VARIABLE = YES;
				MACOSX_DEPLOYMENT_TARGET = 10.12;
				MTL_ENABLE_DEBUG_INFO = NO;
				SDKROOT = macosx;
			};
			name = Release;
		};
		84B47FEA1EA9235900FA3A01 /* Debug */ = {
			isa = XCBuildConfiguration;
			buildSettings = {
				PRODUCT_NAME = "$(TARGET_NAME)";
			};
			name = Debug;
		};
		84B47FEB1EA9235900FA3A01 /* Release */ = {
			isa = XCBuildConfiguration;
			buildSettings = {
				PRODUCT_NAME = "$(TARGET_NAME)";
			};
			name = Release;
		};
/* End XCBuildConfiguration section */

/* Begin XCConfigurationList section */
		84B47FDD1EA9235900FA3A01 /* Build configuration list for PBXProject "FactoryVariadic" */ = {
			isa = XCConfigurationList;
			buildConfigurations = (
				84B47FE71EA9235900FA3A01 /* Debug */,
				84B47FE81EA9235900FA3A01 /* Release */,
			);
			defaultConfigurationIsVisible = 0;
			defaultConfigurationName = Release;
		};
		84B47FE91EA9235900FA3A01 /* Build configuration list for PBXNativeTarget "FactoryVariadic" */ = {
			isa = XCConfigurationList;
			buildConfigurations = (
				84B47FEA1EA9235900FA3A01 /* Debug */,
				84B47FEB1EA9235900FA3A01 /* Release */,
			);
			defaultConfigurationIsVisible = 0;
			defaultConfigurationName = Release;
		};
/* End XCConfigurationList section */
	};
	rootObject = 84B47FDA1EA9235900FA3A01 /* Project object */;
}
