<?xml version="1.0" encoding="UTF-8"?>
<Scheme
   version = "1.3">
   <BuildAction>
      <BuildActionEntries>
         <BuildActionEntry
            buildForRunning = "YES">
            <BuildableReference
               BuildableIdentifier = "primary"
               BlueprintIdentifier = "DB9861911FDC7B34005FC9A0"
               BuildableName = "ARKit_basics"
               BlueprintName = "ARKit_basics"
               ReferencedContainer = "container:ARKit_basics.xcodeproj">
            </BuildableReference>
         </BuildActionEntry>
      </BuildActionEntries>
   </BuildAction>
   <LaunchAction
      useCustomWorkingDirectory = "NO"
      buildConfiguration = "Debug">
      <BuildableProductRunnable>
         <BuildableReference
            BuildableIdentifier = "primary"
            BlueprintIdentifier = "DB9861911FDC7B34005FC9A0"
            BuildableName = "ARKit_basics"
            BlueprintName = "ARKit_basics"
            ReferencedContainer = "container:ARKit_basics.xcodeproj">
         </BuildableReference>
      </BuildableProductRunnable>
   </LaunchAction>
</Scheme>
